
Microsoft Visual Studio Solution File, Format Version 12.00
# Visual Studio Version 16
VisualStudioVersion = 16.0.30717.126
MinimumVisualStudioVersion = 10.0.40219.1
Project("{8BC9CEB8-8B4A-11D0-8D11-00A0C91BC942}") = "Projet_POO", "Projet_POO\Projet_POO.vcxproj", "{5A3AC153-7544-4FB0-BDF2-F130A89B22DF}"
EndProject
Global
	GlobalSection(SolutionConfigurationPlatforms) = preSolution
		Debug|x64 = Debug|x64
		Debug|x86 = Debug|x86
		Release|x64 = Release|x64
		Release|x86 = Release|x86
	EndGlobalSection
	GlobalSection(ProjectConfigurationPlatforms) = postSolution
		{5A3AC153-7544-4FB0-BDF2-F130A89B22DF}.Debug|x64.ActiveCfg = Debug|x64
		{5A3AC153-7544-4FB0-BDF2-F130A89B22DF}.Debug|x64.Build.0 = Debug|x64
		{5A3AC153-7544-4FB0-BDF2-F130A89B22DF}.Debug|x86.ActiveCfg = Debug|Win32
		{5A3AC153-7544-4FB0-BDF2-F130A89B22DF}.Debug|x86.Build.0 = Debug|Win32
		{5A3AC153-7544-4FB0-BDF2-F130A89B22DF}.Release|x64.ActiveCfg = Release|x64
		{5A3AC153-7544-4FB0-BDF2-F130A89B22DF}.Release|x64.Build.0 = Release|x64
		{5A3AC153-7544-4FB0-BDF2-F130A89B22DF}.Release|x86.ActiveCfg = Release|Win32
		{5A3AC153-7544-4FB0-BDF2-F130A89B22DF}.Release|x86.Build.0 = Release|Win32
	EndGlobalSection
	GlobalSection(SolutionProperties) = preSolution
		HideSolutionNode = FALSE
	EndGlobalSection
	GlobalSection(ExtensibilityGlobals) = postSolution
		SolutionGuid = {7F84149C-B87C-4553-A3B7-4473F5F08EF4}
	EndGlobalSection
EndGlobal
